{
  "version": "5",
  "specifiers": {
    "jsr:@hono/hono@^4.7.10": "4.7.10",
    "jsr:@std/dotenv@*": "0.225.3",
    "npm:@ai-sdk/google@^1.2.18": "1.2.18_zod@3.25.32",
    "npm:@atproto/api@~0.15.10": "0.15.10",
    "npm:@atproto/lexicon@~0.4.11": "0.4.11",
    "npm:@types/node@*": "22.15.15",
    "npm:@types/react@^19.1.6": "19.1.6",
    "npm:@wevm/vercel-og@*": "0.6.12",
    "npm:@wevm/vercel-og@~0.6.12": "0.6.12",
    "npm:ai@^4.3.16": "4.3.16_react@19.1.0_zod@3.25.32",
    "npm:multiformats@^13.3.6": "13.3.6",
    "npm:react@^19.1.0": "19.1.0",
    "npm:redis@^5.1.1": "5.1.1_@redis+client@5.1.1",
    "npm:zod@^3.25.32": "3.25.32"
  },
  "jsr": {
    "@hono/hono@4.7.10": {
      "integrity": "e59029e252af371abe43e8e4f9a115e38974c6bd5972022372bf89f763269cc7"
    },
    "@std/dotenv@0.225.3": {
      "integrity": "a95e5b812c27b0854c52acbae215856d9cce9d4bbf774d938c51d212711e8d4a"
    }
  },
  "npm": {
    "@ai-sdk/google@1.2.18_zod@3.25.32": {
      "integrity": "sha512-8B70+i+uB12Ae6Sn6B9Oc6W0W/XorGgc88Nx0pyUrcxFOdytHBaAVhTPqYsO3LLClfjYN8pQ9GMxd5cpGEnUcA==",
      "dependencies": [
        "@ai-sdk/provider",
        "@ai-sdk/provider-utils",
        "zod"
      ]
    },
    "@ai-sdk/provider-utils@2.2.8_zod@3.25.32": {
      "integrity": "sha512-fqhG+4sCVv8x7nFzYnFo19ryhAa3w096Kmc3hWxMQfW/TubPOmt3A6tYZhl4mUfQWWQMsuSkLrtjlWuXBVSGQA==",
      "dependencies": [
        "@ai-sdk/provider",
        "nanoid",
        "secure-json-parse",
        "zod"
      ]
    },
    "@ai-sdk/provider@1.1.3": {
      "integrity": "sha512-qZMxYJ0qqX/RfnuIaab+zp8UAeJn/ygXXAffR5I4N0n1IrvA6qBsjc8hXLmBiMV2zoXlifkacF7sEFnYnjBcqg==",
      "dependencies": [
        "json-schema"
      ]
    },
    "@ai-sdk/react@1.2.12_react@19.1.0_zod@3.25.32": {
      "integrity": "sha512-jK1IZZ22evPZoQW3vlkZ7wvjYGYF+tRBKXtrcolduIkQ/m/sOAVcVeVDUDvh1T91xCnWCdUGCPZg2avZ90mv3g==",
      "dependencies": [
        "@ai-sdk/provider-utils",
        "@ai-sdk/ui-utils",
        "react",
        "swr",
        "throttleit",
        "zod"
      ],
      "optionalPeers": [
        "zod"
      ]
    },
    "@ai-sdk/ui-utils@1.2.11_zod@3.25.32": {
      "integrity": "sha512-3zcwCc8ezzFlwp3ZD15wAPjf2Au4s3vAbKsXQVyhxODHcmu0iyPO2Eua6D/vicq/AUm/BAo60r97O6HU+EI0+w==",
      "dependencies": [
        "@ai-sdk/provider",
        "@ai-sdk/provider-utils",
        "zod",
        "zod-to-json-schema"
      ]
    },
    "@atproto/api@0.15.10": {
      "integrity": "sha512-/PsvYoYMA6VGAbMEOU2rOuaNQHkWPU6CVQAUDK2XRlIgFO2d21KEjZsZ4Z3lELvZlcw25fuMp7gLgFRijpk78w==",
      "dependencies": [
        "@atproto/common-web",
        "@atproto/lexicon",
        "@atproto/syntax",
        "@atproto/xrpc",
        "await-lock",
        "multiformats@9.9.0",
        "tlds",
        "zod"
      ]
    },
    "@atproto/common-web@0.4.2": {
      "integrity": "sha512-vrXwGNoFGogodjQvJDxAeP3QbGtawgZute2ed1XdRO0wMixLk3qewtikZm06H259QDJVu6voKC5mubml+WgQUw==",
      "dependencies": [
        "graphemer",
        "multiformats@9.9.0",
        "uint8arrays",
        "zod"
      ]
    },
    "@atproto/lexicon@0.4.11": {
      "integrity": "sha512-btefdnvNz2Ao2I+qbmj0F06HC8IlrM/IBz6qOBS50r0S6uDf5tOO+Mv2tSVdimFkdzyDdLtBI1sV36ONxz2cOw==",
      "dependencies": [
        "@atproto/common-web",
        "@atproto/syntax",
        "iso-datestring-validator",
        "multiformats@9.9.0",
        "zod"
      ]
    },
    "@atproto/syntax@0.4.0": {
      "integrity": "sha512-b9y5ceHS8YKOfP3mdKmwAx5yVj9294UN7FG2XzP6V5aKUdFazEYRnR9m5n5ZQFKa3GNvz7de9guZCJ/sUTcOAA=="
    },
    "@atproto/xrpc@0.7.0": {
      "integrity": "sha512-SfhP9dGx2qclaScFDb58Jnrmim5nk4geZXCqg6sB0I/KZhZEkr9iIx1hLCp+sxkIfEsmEJjeWO4B0rjUIJW5cw==",
      "dependencies": [
        "@atproto/lexicon",
        "zod"
      ]
    },
    "@opentelemetry/api@1.9.0": {
      "integrity": "sha512-3giAOQvZiH5F9bMlMiv8+GSPMeqg0dbaeo58/0SlA9sxSqZhnUtxzX9/2FzyhS9sWQf5S0GJE0AKBrFqjpeYcg=="
    },
    "@redis/bloom@5.1.1_@redis+client@5.1.1": {
      "integrity": "sha512-PnMcvpL7O2DHtnSL5JtyNmraNrdHuJXi3u2isGTUuPgkbAuWQKfZdknq471ySILL+qKtLfVJqzgDFMjYmZzK6Q==",
      "dependencies": [
        "@redis/client"
      ]
    },
    "@redis/client@5.1.1": {
      "integrity": "sha512-vojbBqUdbkD+ylCy3+ZDXLzSmgiYH9pLrv87kF+nDgsRaHKrVVxPV9B4u6EfWRx7XGvQGZqsXVkKFhsEOsG3LA==",
      "dependencies": [
        "cluster-key-slot"
      ]
    },
    "@redis/json@5.1.1_@redis+client@5.1.1": {
      "integrity": "sha512-A5M0dcgxGKq+oE6spIPBcGLDBiwoSPTs2wesVb4x30rXfG6rPtqt1Z7fCMtvTL2kHUNRKgZ78zhD+0+MENZt7g==",
      "dependencies": [
        "@redis/client"
      ]
    },
    "@redis/search@5.1.1_@redis+client@5.1.1": {
      "integrity": "sha512-bChudQmcqfYUxEGMeXMkljXtwse4hzqcqRwbZDwRyYe+EEeW/lXVl3w/mS2tHnAb2yqGnfDghid8iHEtVNqjww==",
      "dependencies": [
        "@redis/client"
      ]
    },
    "@redis/time-series@5.1.1_@redis+client@5.1.1": {
      "integrity": "sha512-HPjZLfcZxh5mBLqRgx7KCZG6JXxGnb7yJqo9qZ/KMTWK/k3SWyH47DHJbYbRNzKOEkbK/l/5kikDTm79uJuCbg==",
      "dependencies": [
        "@redis/client"
      ]
    },
    "@resvg/resvg-wasm@2.4.0": {
      "integrity": "sha512-C7c51Nn4yTxXFKvgh2txJFNweaVcfUPQxwEUFw4aWsCmfiBDJsTSwviIF8EcwjQ6k8bPyMWCl1vw4BdxE569Cg=="
    },
    "@shuding/opentype.js@1.4.0-beta.0": {
      "integrity": "sha512-3NgmNyH3l/Hv6EvsWJbsvpcpUba6R8IREQ83nH83cyakCw7uM1arZKNfHwv1Wz6jgqrF/j4x5ELvR6PnK9nTcA==",
      "dependencies": [
        "fflate",
        "string.prototype.codepointat"
      ],
      "bin": true
    },
    "@types/diff-match-patch@1.0.36": {
      "integrity": "sha512-xFdR6tkm0MWvBfO8xXCSsinYxHcqkQUlcHeSpMC2ukzOb6lwQAfDmW+Qt0AvlGd8HpsS28qKsB+oPeJn9I39jg=="
    },
    "@types/node@22.15.15": {
      "integrity": "sha512-R5muMcZob3/Jjchn5LcO8jdKwSCbzqmPB6ruBxMcf9kbxtniZHP327s6C37iOfuw8mbKK3cAQa7sEl7afLrQ8A==",
      "dependencies": [
        "undici-types"
      ]
    },
    "@types/react@19.1.6": {
      "integrity": "sha512-JeG0rEWak0N6Itr6QUx+X60uQmN+5t3j9r/OVDtWzFXKaj6kD1BwJzOksD0FF6iWxZlbE1kB0q9vtnU2ekqa1Q==",
      "dependencies": [
        "csstype"
      ]
    },
    "@wevm/vercel-og@0.6.12": {
      "integrity": "sha512-gaFbJR7fV7oFega1/8omhpp/cTHWpZkFpuiIaevDil6HroQYhX1RBFNse3uYeSbnhb3pHnAm85tjYuOi/wB6EQ==",
      "dependencies": [
        "@resvg/resvg-wasm",
        "satori",
        "yoga-wasm-web"
      ]
    },
    "ai@4.3.16_react@19.1.0_zod@3.25.32": {
      "integrity": "sha512-KUDwlThJ5tr2Vw0A1ZkbDKNME3wzWhuVfAOwIvFUzl1TPVDFAXDFTXio3p+jaKneB+dKNCvFFlolYmmgHttG1g==",
      "dependencies": [
        "@ai-sdk/provider",
        "@ai-sdk/provider-utils",
        "@ai-sdk/react",
        "@ai-sdk/ui-utils",
        "@opentelemetry/api",
        "jsondiffpatch",
        "react",
        "zod"
      ],
      "optionalPeers": [
        "react"
      ]
    },
    "await-lock@2.2.2": {
      "integrity": "sha512-aDczADvlvTGajTDjcjpJMqRkOF6Qdz3YbPZm/PyW6tKPkx2hlYBzxMhEywM/tU72HrVZjgl5VCdRuMlA7pZ8Gw=="
    },
    "base64-js@0.0.8": {
      "integrity": "sha512-3XSA2cR/h/73EzlXXdU6YNycmYI7+kicTxks4eJg2g39biHR84slg2+des+p7iHYhbRg/udIS4TD53WabcOUkw=="
    },
    "camelize@1.0.1": {
      "integrity": "sha512-dU+Tx2fsypxTgtLoE36npi3UqcjSSMNYfkqgmoEhtZrraP5VWq0K7FkWVTYa8eMPtnU/G2txVsfdCJTn9uzpuQ=="
    },
    "chalk@5.4.1": {
      "integrity": "sha512-zgVZuo2WcZgfUEmsn6eO3kINexW8RAE4maiQ8QNs8CtpPCSyMiYsULR3HQYkm3w8FIA3SberyMJMSldGsW+U3w=="
    },
    "cluster-key-slot@1.1.2": {
      "integrity": "sha512-RMr0FhtfXemyinomL4hrWcYJxmX6deFdCxpJzhDttxgO1+bcCnkk+9drydLVDmAMG7NE6aN/fl4F7ucU/90gAA=="
    },
    "color-name@1.1.4": {
      "integrity": "sha512-dOy+3AuW3a2wNbZHIuMZpTcgjGuLU/uBL/ubcZF9OXbDo8ff4O8yVp5Bf0efS8uEoYo5q4Fx7dY9OgQGXgAsQA=="
    },
    "css-background-parser@0.1.0": {
      "integrity": "sha512-2EZLisiZQ+7m4wwur/qiYJRniHX4K5Tc9w93MT3AS0WS1u5kaZ4FKXlOTBhOjc+CgEgPiGY+fX1yWD8UwpEqUA=="
    },
    "css-box-shadow@1.0.0-3": {
      "integrity": "sha512-9jaqR6e7Ohds+aWwmhe6wILJ99xYQbfmK9QQB9CcMjDbTxPZjwEmUQpU91OG05Xgm8BahT5fW+svbsQGjS/zPg=="
    },
    "css-color-keywords@1.0.0": {
      "integrity": "sha512-FyyrDHZKEjXDpNJYvVsV960FiqQyXc/LlYmsxl2BcdMb2WPx0OGRVgTg55rPSyLSNMqP52R9r8geSp7apN3Ofg=="
    },
    "css-to-react-native@3.2.0": {
      "integrity": "sha512-e8RKaLXMOFii+02mOlqwjbD00KSEKqblnpO9e++1aXS1fPQOpS1YoqdVHBqPjHNoxeF2mimzVqawm2KCbEdtHQ==",
      "dependencies": [
        "camelize",
        "css-color-keywords",
        "postcss-value-parser"
      ]
    },
    "csstype@3.1.3": {
      "integrity": "sha512-M1uQkMl8rQK/szD0LNhtqxIPLpimGm8sOBwU7lLnCpSbTyY3yeU1Vc7l4KT5zT4s/yOxHH5O7tIuuLOCnLADRw=="
    },
    "dequal@2.0.3": {
      "integrity": "sha512-0je+qPKHEMohvfRTCEo3CrPG6cAzAYgmzKyxRiYSSDkS6eGJdyVJm7WaYA5ECaAD9wLB2T4EEeymA5aFVcYXCA=="
    },
    "diff-match-patch@1.0.5": {
      "integrity": "sha512-IayShXAgj/QMXgB0IWmKx+rOPuGMhqm5w6jvFxmVenXKIzRqTAAsbBPT3kWQeGANj3jGgvcvv4yK6SxqYmikgw=="
    },
    "emoji-regex@10.4.0": {
      "integrity": "sha512-EC+0oUMY1Rqm4O6LLrgjtYDvcVYTy7chDnM4Q7030tP4Kwj3u/pR6gP9ygnp2CJMK5Gq+9Q2oqmrFJAz01DXjw=="
    },
    "escape-html@1.0.3": {
      "integrity": "sha512-NiSupZ4OeuGwr68lGIeym/ksIZMJodUGOSCZ/FSnTxcrekbvqrgdUxlJOMpijaKZVjAJrWrGs/6Jy8OMuyj9ow=="
    },
    "fflate@0.7.4": {
      "integrity": "sha512-5u2V/CDW15QM1XbbgS+0DfPxVB+jUKhWEKuuFuHncbk3tEEqzmoXL+2KyOFuKGqOnmdIy0/davWF1CkuwtibCw=="
    },
    "graphemer@1.4.0": {
      "integrity": "sha512-EtKwoO6kxCL9WO5xipiHTZlSzBm7WLT627TqC/uVRd0HKmq8NXyebnNYxDoBi7wt8eTWrUrKXCOVaFq9x1kgag=="
    },
    "hex-rgb@4.3.0": {
      "integrity": "sha512-Ox1pJVrDCyGHMG9CFg1tmrRUMRPRsAWYc/PinY0XzJU4K7y7vjNoLKIQ7BR5UJMCxNN8EM1MNDmHWA/B3aZUuw=="
    },
    "iso-datestring-validator@2.2.2": {
      "integrity": "sha512-yLEMkBbLZTlVQqOnQ4FiMujR6T4DEcCb1xizmvXS+OxuhwcbtynoosRzdMA69zZCShCNAbi+gJ71FxZBBXx1SA=="
    },
    "json-schema@0.4.0": {
      "integrity": "sha512-es94M3nTIfsEPisRafak+HDLfHXnKBhV3vU5eqPcS3flIWqcxJWgXHXiey3YrpaNsanY5ei1VoYEbOzijuq9BA=="
    },
    "jsondiffpatch@0.6.0": {
      "integrity": "sha512-3QItJOXp2AP1uv7waBkao5nCvhEv+QmJAd38Ybq7wNI74Q+BBmnLn4EDKz6yI9xGAIQoUF87qHt+kc1IVxB4zQ==",
      "dependencies": [
        "@types/diff-match-patch",
        "chalk",
        "diff-match-patch"
      ],
      "bin": true
    },
    "linebreak@1.1.0": {
      "integrity": "sha512-MHp03UImeVhB7XZtjd0E4n6+3xr5Dq/9xI/5FptGk5FrbDR3zagPa2DS6U8ks/3HjbKWG9Q1M2ufOzxV2qLYSQ==",
      "dependencies": [
        "base64-js",
        "unicode-trie"
      ]
    },
    "multiformats@13.3.6": {
      "integrity": "sha512-yakbt9cPYj8d3vi/8o/XWm61MrOILo7fsTL0qxNx6zS0Nso6K5JqqS2WV7vK/KSuDBvrW3KfCwAdAgarAgOmww=="
    },
    "multiformats@9.9.0": {
      "integrity": "sha512-HoMUjhH9T8DDBNT+6xzkrd9ga/XiBI4xLr58LJACwK6G3HTOPeMz4nB4KJs33L2BelrIJa7P0VuNaVF3hMYfjg=="
    },
    "nanoid@3.3.11": {
      "integrity": "sha512-N8SpfPUnUp1bK+PMYW8qSWdl9U+wwNWI4QKxOYDy9JAro3WMX7p2OeVRF9v+347pnakNevPmiHhNmZ2HbFA76w==",
      "bin": true
    },
    "pako@0.2.9": {
      "integrity": "sha512-NUcwaKxUxWrZLpDG+z/xZaCgQITkA/Dv4V/T6bw7VON6l1Xz/VnrBqrYjZQ12TamKHzITTfOEIYUj48y2KXImA=="
    },
    "parse-css-color@0.2.1": {
      "integrity": "sha512-bwS/GGIFV3b6KS4uwpzCFj4w297Yl3uqnSgIPsoQkx7GMLROXfMnWvxfNkL0oh8HVhZA4hvJoEoEIqonfJ3BWg==",
      "dependencies": [
        "color-name",
        "hex-rgb"
      ]
    },
    "postcss-value-parser@4.2.0": {
      "integrity": "sha512-1NNCs6uurfkVbeXG4S8JFT9t19m45ICnif8zWLd5oPSZ50QnwMfK+H3jv408d4jw/7Bttv5axS5IiHoLaVNHeQ=="
    },
    "react@19.1.0": {
      "integrity": "sha512-FS+XFBNvn3GTAWq26joslQgWNoFu08F4kl0J4CgdNKADkdSGXQyTCnKteIAJy96Br6YbpEU1LSzV5dYtjMkMDg=="
    },
    "redis@5.1.1_@redis+client@5.1.1": {
      "integrity": "sha512-4t6n2Q9aFqpQnqBR/g84zsXW+U0hdSzYymqoGGZk44p+kuzzHbgukjOAca+PlQ563TbXcgv1njerllYWjAWw4g==",
      "dependencies": [
        "@redis/bloom",
        "@redis/client",
        "@redis/json",
        "@redis/search",
        "@redis/time-series"
      ]
    },
    "satori@0.10.9": {
      "integrity": "sha512-XU9EELUEZuioT4acLIpCXxHcFzrsC8muvg0MY28d+TlqwxbkTzBmWbw+3+hnCzXT7YZ0Qm8k3eXktDaEu+qmEw==",
      "dependencies": [
        "@shuding/opentype.js",
        "css-background-parser",
        "css-box-shadow",
        "css-to-react-native",
        "emoji-regex",
        "escape-html",
        "linebreak",
        "parse-css-color",
        "postcss-value-parser",
        "yoga-wasm-web"
      ]
    },
    "secure-json-parse@2.7.0": {
      "integrity": "sha512-6aU+Rwsezw7VR8/nyvKTx8QpWH9FrcYiXXlqC4z5d5XQBDRqtbfsRjnwGyqbi3gddNtWHuEk9OANUotL26qKUw=="
    },
    "string.prototype.codepointat@0.2.1": {
      "integrity": "sha512-2cBVCj6I4IOvEnjgO/hWqXjqBGsY+zwPmHl12Srk9IXSZ56Jwwmy+66XO5Iut/oQVR7t5ihYdLB0GMa4alEUcg=="
    },
    "swr@2.3.3_react@19.1.0": {
      "integrity": "sha512-dshNvs3ExOqtZ6kJBaAsabhPdHyeY4P2cKwRCniDVifBMoG/SVI7tfLWqPXriVspf2Rg4tPzXJTnwaihIeFw2A==",
      "dependencies": [
        "dequal",
        "react",
        "use-sync-external-store"
      ]
    },
    "throttleit@2.1.0": {
      "integrity": "sha512-nt6AMGKW1p/70DF/hGBdJB57B8Tspmbp5gfJ8ilhLnt7kkr2ye7hzD6NVG8GGErk2HWF34igrL2CXmNIkzKqKw=="
    },
    "tiny-inflate@1.0.3": {
      "integrity": "sha512-pkY1fj1cKHb2seWDy0B16HeWyczlJA9/WW3u3c4z/NiWDsO3DOU5D7nhTLE9CF0yXv/QZFY7sEJmj24dK+Rrqw=="
    },
    "tlds@1.259.0": {
      "integrity": "sha512-AldGGlDP0PNgwppe2quAvuBl18UcjuNtOnDuUkqhd6ipPqrYYBt3aTxK1QTsBVknk97lS2JcafWMghjGWFtunw==",
      "bin": true
    },
    "uint8arrays@3.0.0": {
      "integrity": "sha512-HRCx0q6O9Bfbp+HHSfQQKD7wU70+lydKVt4EghkdOvlK/NlrF90z+eXV34mUd48rNvVJXwkrMSPpCATkct8fJA==",
      "dependencies": [
        "multiformats@9.9.0"
      ]
    },
    "undici-types@6.21.0": {
      "integrity": "sha512-iwDZqg0QAGrg9Rav5H4n0M64c3mkR59cJ6wQp+7C4nI0gsmExaedaYLNO44eT4AtBBwjbTiGPMlt2Md0T9H9JQ=="
    },
    "unicode-trie@2.0.0": {
      "integrity": "sha512-x7bc76x0bm4prf1VLg79uhAzKw8DVboClSN5VxJuQ+LKDOVEW9CdH+VY7SP+vX7xCYQqzzgQpFqz15zeLvAtZQ==",
      "dependencies": [
        "pako",
        "tiny-inflate"
      ]
    },
    "use-sync-external-store@1.5.0_react@19.1.0": {
      "integrity": "sha512-Rb46I4cGGVBmjamjphe8L/UnvJD+uPPtTkNvX5mZgqdbavhI4EbgIWJiIHXJ8bc/i9EQGPRh4DwEURJ552Do0A==",
      "dependencies": [
        "react"
      ]
    },
    "yoga-wasm-web@0.3.3": {
      "integrity": "sha512-N+d4UJSJbt/R3wqY7Coqs5pcV0aUj2j9IaQ3rNj9bVCLld8tTGKRa2USARjnvZJWVx1NDmQev8EknoczaOQDOA=="
    },
    "zod-to-json-schema@3.24.5_zod@3.25.32": {
      "integrity": "sha512-/AuWwMP+YqiPbsJx5D6TfgRTc4kTLjsh5SOcd4bLsfUg2RcEXrFMJl1DGgdHy2aCfsIA/cr/1JM0xcB2GZji8g==",
      "dependencies": [
        "zod"
      ]
    },
    "zod@3.25.32": {
      "integrity": "sha512-OSm2xTIRfW8CV5/QKgngwmQW/8aPfGdaQFlrGoErlgg/Epm7cjb6K6VEyExfe65a3VybUOnu381edLb0dfJl0g=="
    }
  },
  "workspace": {
    "dependencies": [
      "jsr:@hono/hono@^4.7.10",
      "npm:@ai-sdk/google@^1.2.18",
      "npm:@atproto/api@~0.15.10",
      "npm:@atproto/lexicon@~0.4.11",
      "npm:@types/react@^19.1.6",
      "npm:@wevm/vercel-og@~0.6.12",
      "npm:ai@^4.3.16",
      "npm:multiformats@^13.3.6",
      "npm:react@^19.1.0",
      "npm:redis@^5.1.1",
      "npm:zod@^3.25.32"
    ]
  }
}
